lockfileVersion: '9.0'

settings:
  autoInstallPeers: true
  excludeLinksFromLockfile: false

importers:

  .:
    dependencies:
      lib0:
        specifier: ^0.2.101
        version: 0.2.102
      quill:
        specifier: ^2.0.3
        version: 2.0.3
      quill-cursors:
        specifier: ^4.0.4
        version: 4.0.4
      socket.io-client:
        specifier: ^4.8.1
        version: 4.8.1
      y-protocols:
        specifier: ^1.0.6
        version: 1.0.6(yjs@13.6.26)
      y-quill:
        specifier: ^1.0.0
        version: 1.0.0(quill-cursors@4.0.4)(quill@2.0.3)(yjs@13.6.26)
      yjs:
        specifier: ^13.6.26
        version: 13.6.26

packages:

  '@socket.io/component-emitter@3.1.2':
    resolution: {integrity: sha512-9BCxFwvbGg/RsZK9tjXd8s4UcwR0MWeFQ1XEKIQVVvAGJyINdrqKMcTRyLoK8Rse1GjzLV9cwjWV1olXRWEXVA==}

  debug@4.3.7:
    resolution: {integrity: sha512-Er2nc/H7RrMXZBFCEim6TCmMk02Z8vLC2Rbi1KEBggpo0fS6l0S1nnapwmIi3yW/+GOJap1Krg4w0Hg80oCqgQ==}
    engines: {node: '>=6.0'}
    peerDependencies:
      supports-color: '*'
    peerDependenciesMeta:
      supports-color:
        optional: true

  engine.io-client@6.6.3:
    resolution: {integrity: sha512-T0iLjnyNWahNyv/lcjS2y4oE358tVS/SYQNxYXGAJ9/GLgH4VCvOQ/mhTjqU88mLZCQgiG8RIegFHYCdVC+j5w==}

  engine.io-parser@5.2.3:
    resolution: {integrity: sha512-HqD3yTBfnBxIrbnM1DoD6Pcq8NECnh8d4As1Qgh0z5Gg3jRRIqijury0CL3ghu/edArpUYiYqQiDUQBIs4np3Q==}
    engines: {node: '>=10.0.0'}

  eventemitter3@5.0.1:
    resolution: {integrity: sha512-GWkBvjiSZK87ELrYOSESUYeVIc9mvLLf/nXalMOS5dYrgZq9o5OVkbZAVM06CVxYsCwH9BDZFPlQTlPA1j4ahA==}

  fast-diff@1.3.0:
    resolution: {integrity: sha512-VxPP4NqbUjj6MaAOafWeUn2cXWLcCtljklUtZf0Ind4XQ+QPtmA0b18zZy0jIQx+ExRVCR/ZQpBmik5lXshNsw==}

  isomorphic.js@0.2.5:
    resolution: {integrity: sha512-PIeMbHqMt4DnUP3MA/Flc0HElYjMXArsw1qwJZcm9sqR8mq3l8NYizFMty0pWwE/tzIGH3EKK5+jes5mAr85yw==}

  lib0@0.2.102:
    resolution: {integrity: sha512-g70kydI0I1sZU0ChO8mBbhw0oUW/8U0GHzygpvEIx8k+jgOpqnTSb/E+70toYVqHxBhrERD21TwD5QcZJQ40ZQ==}
    engines: {node: '>=16'}
    hasBin: true

  lodash-es@4.17.21:
    resolution: {integrity: sha512-mKnC+QJ9pWVzv+C4/U3rRsHapFfHvQFoFB92e52xeyGMcX6/OlIl78je1u8vePzYZSkkogMPJ2yjxxsb89cxyw==}

  lodash.clonedeep@4.5.0:
    resolution: {integrity: sha512-H5ZhCF25riFd9uB5UCkVKo61m3S/xZk1x4wA6yp/L3RFP6Z/eHH1ymQcGLo7J3GMPfm0V/7m1tryHuGVxpqEBQ==}

  lodash.isequal@4.5.0:
    resolution: {integrity: sha512-pDo3lu8Jhfjqls6GkMgpahsF9kCyayhgykjyLMNFTKWrpVdAQtYyB4muAMWozBB4ig/dtWAmsMxLEI8wuz+DYQ==}
    deprecated: This package is deprecated. Use require('node:util').isDeepStrictEqual instead.

  ms@2.1.3:
    resolution: {integrity: sha512-6FlzubTLZG3J2a/NVCAleEhjzq5oxgHyaCU9yYXvcLsvoVaHJq/s5xXI6/XXP6tz7R9xAOtHnSO/tXtF3WRTlA==}

  parchment@3.0.0:
    resolution: {integrity: sha512-HUrJFQ/StvgmXRcQ1ftY6VEZUq3jA2t9ncFN4F84J/vN0/FPpQF+8FKXb3l6fLces6q0uOHj6NJn+2xvZnxO6A==}

  quill-cursors@4.0.4:
    resolution: {integrity: sha512-beHOYwRZ/I+Ift3bsvMnNWZ7gX25upW3b0aREpklUTR273MFJgxsCYmlgd/6otBE0FtFefOfh2/xU6xbkkxgIg==}

  quill-delta@5.1.0:
    resolution: {integrity: sha512-X74oCeRI4/p0ucjb5Ma8adTXd9Scumz367kkMK5V/IatcX6A0vlgLgKbzXWy5nZmCGeNJm2oQX0d2Eqj+ZIlCA==}
    engines: {node: '>= 12.0.0'}

  quill@2.0.3:
    resolution: {integrity: sha512-xEYQBqfYx/sfb33VJiKnSJp8ehloavImQ2A6564GAbqG55PGw1dAWUn1MUbQB62t0azawUS2CZZhWCjO8gRvTw==}
    engines: {npm: '>=8.2.3'}

  socket.io-client@4.8.1:
    resolution: {integrity: sha512-hJVXfu3E28NmzGk8o1sHhN3om52tRvwYeidbj7xKy2eIIse5IoKX3USlS6Tqt3BHAtflLIkCQBkzVrEEfWUyYQ==}
    engines: {node: '>=10.0.0'}

  socket.io-parser@4.2.4:
    resolution: {integrity: sha512-/GbIKmo8ioc+NIWIhwdecY0ge+qVBSMdgxGygevmdHj24bsfgtCmcUUcQ5ZzcylGFHsN3k4HB4Cgkl96KVnuew==}
    engines: {node: '>=10.0.0'}

  ws@8.17.1:
    resolution: {integrity: sha512-6XQFvXTkbfUOZOKKILFG1PDK2NDQs4azKQl26T0YS5CxqWLgXajbPZ+h4gZekJyRqFU8pvnbAbbs/3TgRPy+GQ==}
    engines: {node: '>=10.0.0'}
    peerDependencies:
      bufferutil: ^4.0.1
      utf-8-validate: '>=5.0.2'
    peerDependenciesMeta:
      bufferutil:
        optional: true
      utf-8-validate:
        optional: true

  xmlhttprequest-ssl@2.1.2:
    resolution: {integrity: sha512-TEU+nJVUUnA4CYJFLvK5X9AOeH4KvDvhIfm0vV1GaQRtchnG0hgK5p8hw/xjv8cunWYCsiPCSDzObPyhEwq3KQ==}
    engines: {node: '>=0.4.0'}

  y-protocols@1.0.6:
    resolution: {integrity: sha512-vHRF2L6iT3rwj1jub/K5tYcTT/mEYDUppgNPXwp8fmLpui9f7Yeq3OEtTLVF012j39QnV+KEQpNqoN7CWU7Y9Q==}
    engines: {node: '>=16.0.0', npm: '>=8.0.0'}
    peerDependencies:
      yjs: ^13.0.0

  y-quill@1.0.0:
    resolution: {integrity: sha512-WpYBXsFXdofGuaAVyvKpZ3rg+TklWtKtpemUziY044NLhnwud0D+QTX2mdGKMrLON+BshKQeT77FbXa68ZJbcA==}
    peerDependencies:
      quill: ^2.0.0
      quill-cursors: ^4.0.2
      yjs: ^13.6.14

  yjs@13.6.26:
    resolution: {integrity: sha512-wiARO3wixu7mtoRP5f7LqpUtsURP9SmNgXUt3RlnZg4qDuF7dUjthwIvwxIDmK55dPw4Wl4QdW5A3ag0atwu7g==}
    engines: {node: '>=16.0.0', npm: '>=8.0.0'}

snapshots:

  '@socket.io/component-emitter@3.1.2': {}

  debug@4.3.7:
    dependencies:
      ms: 2.1.3

  engine.io-client@6.6.3:
    dependencies:
      '@socket.io/component-emitter': 3.1.2
      debug: 4.3.7
      engine.io-parser: 5.2.3
      ws: 8.17.1
      xmlhttprequest-ssl: 2.1.2
    transitivePeerDependencies:
      - bufferutil
      - supports-color
      - utf-8-validate

  engine.io-parser@5.2.3: {}

  eventemitter3@5.0.1: {}

  fast-diff@1.3.0: {}

  isomorphic.js@0.2.5: {}

  lib0@0.2.102:
    dependencies:
      isomorphic.js: 0.2.5

  lodash-es@4.17.21: {}

  lodash.clonedeep@4.5.0: {}

  lodash.isequal@4.5.0: {}

  ms@2.1.3: {}

  parchment@3.0.0: {}

  quill-cursors@4.0.4: {}

  quill-delta@5.1.0:
    dependencies:
      fast-diff: 1.3.0
      lodash.clonedeep: 4.5.0
      lodash.isequal: 4.5.0

  quill@2.0.3:
    dependencies:
      eventemitter3: 5.0.1
      lodash-es: 4.17.21
      parchment: 3.0.0
      quill-delta: 5.1.0

  socket.io-client@4.8.1:
    dependencies:
      '@socket.io/component-emitter': 3.1.2
      debug: 4.3.7
      engine.io-client: 6.6.3
      socket.io-parser: 4.2.4
    transitivePeerDependencies:
      - bufferutil
      - supports-color
      - utf-8-validate

  socket.io-parser@4.2.4:
    dependencies:
      '@socket.io/component-emitter': 3.1.2
      debug: 4.3.7
    transitivePeerDependencies:
      - supports-color

  ws@8.17.1: {}

  xmlhttprequest-ssl@2.1.2: {}

  y-protocols@1.0.6(yjs@13.6.26):
    dependencies:
      lib0: 0.2.102
      yjs: 13.6.26

  y-quill@1.0.0(quill-cursors@4.0.4)(quill@2.0.3)(yjs@13.6.26):
    dependencies:
      lib0: 0.2.102
      quill: 2.0.3
      quill-cursors: 4.0.4
      y-protocols: 1.0.6(yjs@13.6.26)
      yjs: 13.6.26

  yjs@13.6.26:
    dependencies:
      lib0: 0.2.102
