lockfileVersion: '9.0'

settings:
  autoInstallPeers: true
  excludeLinksFromLockfile: false

importers:

  .:
    dependencies:
      kysely:
        specifier: ^0.27.5
        version: 0.27.5

packages:

  kysely@0.27.5:
    resolution: {integrity: sha512-s7hZHcQeSNKpzCkHRm8yA+0JPLjncSWnjb+2TIElwS2JAqYr+Kv3Ess+9KFfJS0C1xcQ1i9NkNHpWwCYpHMWsA==}
    engines: {node: '>=14.0.0'}

snapshots:

  kysely@0.27.5: {}
