lockfileVersion: '9.0'

settings:
  autoInstallPeers: true
  excludeLinksFromLockfile: false

importers:

  .:
    dependencies:
      y-protocols:
        specifier: ^1.0.6
        version: 1.0.6(yjs@13.6.26)
      yjs:
        specifier: ^13.6.26
        version: 13.6.26

packages:

  isomorphic.js@0.2.5:
    resolution: {integrity: sha512-PIeMbHqMt4DnUP3MA/Flc0HElYjMXArsw1qwJZcm9sqR8mq3l8NYizFMty0pWwE/tzIGH3EKK5+jes5mAr85yw==}

  lib0@0.2.105:
    resolution: {integrity: sha512-5vtbuBi2P43ZYOfVMV+TZYkWEa0J9kijXirzEgrPA+nJDQCtMx805/rqW4G1nXbM9IRIhwW+OyNNgcQdbhKfSw==}
    engines: {node: '>=16'}
    hasBin: true

  y-protocols@1.0.6:
    resolution: {integrity: sha512-vHRF2L6iT3rwj1jub/K5tYcTT/mEYDUppgNPXwp8fmLpui9f7Yeq3OEtTLVF012j39QnV+KEQpNqoN7CWU7Y9Q==}
    engines: {node: '>=16.0.0', npm: '>=8.0.0'}
    peerDependencies:
      yjs: ^13.0.0

  yjs@13.6.26:
    resolution: {integrity: sha512-wiARO3wixu7mtoRP5f7LqpUtsURP9SmNgXUt3RlnZg4qDuF7dUjthwIvwxIDmK55dPw4Wl4QdW5A3ag0atwu7g==}
    engines: {node: '>=16.0.0', npm: '>=8.0.0'}

snapshots:

  isomorphic.js@0.2.5: {}

  lib0@0.2.105:
    dependencies:
      isomorphic.js: 0.2.5

  y-protocols@1.0.6(yjs@13.6.26):
    dependencies:
      lib0: 0.2.105
      yjs: 13.6.26

  yjs@13.6.26:
    dependencies:
      lib0: 0.2.105
