lockfileVersion: '9.0'

settings:
  autoInstallPeers: true
  excludeLinksFromLockfile: false

importers:

  .:
    dependencies:
      lib0:
        specifier: ^0.2.101
        version: 0.2.101
      yjs:
        specifier: ^13.6.24
        version: 13.6.24

packages:

  isomorphic.js@0.2.5:
    resolution: {integrity: sha512-PIeMbHqMt4DnUP3MA/Flc0HElYjMXArsw1qwJZcm9sqR8mq3l8NYizFMty0pWwE/tzIGH3EKK5+jes5mAr85yw==}

  lib0@0.2.101:
    resolution: {integrity: sha512-LljA6+Ehf0Z7YnxhgSAvspzWALjW4wlWdN/W4iGiqYc1KvXQgOVXWI0xwlwqozIL5WRdKeUW2gq0DLhFsY+Xlw==}
    engines: {node: '>=16'}
    hasBin: true

  yjs@13.6.24:
    resolution: {integrity: sha512-xn/pYLTZa3uD1uDG8lpxfLRo5SR/rp0frdASOl2a71aYNvUXdWcLtVL91s2y7j+Q8ppmjZ9H3jsGVgoFMbT2VA==}
    engines: {node: '>=16.0.0', npm: '>=8.0.0'}

snapshots:

  isomorphic.js@0.2.5: {}

  lib0@0.2.101:
    dependencies:
      isomorphic.js: 0.2.5

  yjs@13.6.24:
    dependencies:
      lib0: 0.2.101
